
Microsoft Visual Studio Solution File, Format Version 12.00
# Visual Studio Version 17
VisualStudioVersion = 17.0.31903.59
MinimumVisualStudioVersion = 10.0.40219.1
Project("{FAE04EC0-301F-11D3-BF4B-00C04F79EFBC}") = "LabDBEntity", "LabDBEntity\LabDBEntity.csproj", "{921AAD03-06CF-4C89-B504-58BDD1D66DA0}"
EndProject
Project("{FAE04EC0-301F-11D3-BF4B-00C04F79EFBC}") = "LabDBEntity.DAL", "LabDBEntity.DAL\LabDBEntity.DAL.csproj", "{B93607C1-EECF-4FCC-9E16-809A5E06149C}"
EndProject
Global
	GlobalSection(SolutionConfigurationPlatforms) = preSolution
		Debug|Any CPU = Debug|Any CPU
		Release|Any CPU = Release|Any CPU
	EndGlobalSection
	GlobalSection(SolutionProperties) = preSolution
		HideSolutionNode = FALSE
	EndGlobalSection
	GlobalSection(ProjectConfigurationPlatforms) = postSolution
		{921AAD03-06CF-4C89-B504-58BDD1D66DA0}.Debug|Any CPU.ActiveCfg = Debug|Any CPU
		{921AAD03-06CF-4C89-B504-58BDD1D66DA0}.Debug|Any CPU.Build.0 = Debug|Any CPU
		{921AAD03-06CF-4C89-B504-58BDD1D66DA0}.Release|Any CPU.ActiveCfg = Release|Any CPU
		{921AAD03-06CF-4C89-B504-58BDD1D66DA0}.Release|Any CPU.Build.0 = Release|Any CPU
		{B93607C1-EECF-4FCC-9E16-809A5E06149C}.Debug|Any CPU.ActiveCfg = Debug|Any CPU
		{B93607C1-EECF-4FCC-9E16-809A5E06149C}.Debug|Any CPU.Build.0 = Debug|Any CPU
		{B93607C1-EECF-4FCC-9E16-809A5E06149C}.Release|Any CPU.ActiveCfg = Release|Any CPU
		{B93607C1-EECF-4FCC-9E16-809A5E06149C}.Release|Any CPU.Build.0 = Release|Any CPU
	EndGlobalSection
EndGlobal
